// !$*UTF8*$!
{
	archiveVersion = 1;
	classes = {
	};
	objectVersion = 46;
	objects = {

/* Begin PBXBuildFile section */
		DE0C99801F32D596001BDE8B /* RNSketchData.m in Sources */ = {isa = PBXBuildFile; fileRef = DE0C997F1F32D596001BDE8B /* RNSketchData.m */; };
		DEB694891F322F2A00DC6841 /* RNSketchCanvasManager.m in Sources */ = {isa = PBXBuildFile; fileRef = DEB694861F322F2A00DC6841 /* RNSketchCanvasManager.m */; };
		DED3A13720A4159A00D72FBF /* Utility.m in Sources */ = {isa = PBXBuildFile; fileRef = DED3A13520A4159A00D72FBF /* Utility.m */; };
		DEFBA25D1F322B6000A4545C /* RNSketchCanvas.m in Sources */ = {isa = PBXBuildFile; fileRef = DEFBA25C1F322B6000A4545C /* RNSketchCanvas.m */; };
		DEFBA25E1F322B6000A4545C /* RNSketchCanvas.h in CopyFiles */ = {isa = PBXBuildFile; fileRef = DEFBA25B1F322B6000A4545C /* RNSketchCanvas.h */; };
/* End PBXBuildFile section */

/* Begin PBXCopyFilesBuildPhase section */
		DEFBA2561F322B5F00A4545C /* CopyFiles */ = {
			isa = PBXCopyFilesBuildPhase;
			buildActionMask = 2147483647;
			dstPath = "include/$(PRODUCT_NAME)";
			dstSubfolderSpec = 16;
			files = (
				DEFBA25E1F322B6000A4545C /* RNSketchCanvas.h in CopyFiles */,
			);
			runOnlyForDeploymentPostprocessing = 0;
		};
/* End PBXCopyFilesBuildPhase section */

/* Begin PBXFileReference section */
		DE0C997E1F32D596001BDE8B /* RNSketchData.h */ = {isa = PBXFileReference; fileEncoding = 4; lastKnownFileType = sourcecode.c.h; path = RNSketchData.h; sourceTree = "<group>"; };
		DE0C997F1F32D596001BDE8B /* RNSketchData.m */ = {isa = PBXFileReference; fileEncoding = 4; lastKnownFileType = sourcecode.c.objc; path = RNSketchData.m; sourceTree = "<group>"; };
		DEB694851F322F2A00DC6841 /* RNSketchCanvasManager.h */ = {isa = PBXFileReference; fileEncoding = 4; lastKnownFileType = sourcecode.c.h; path = RNSketchCanvasManager.h; sourceTree = "<group>"; };
		DEB694861F322F2A00DC6841 /* RNSketchCanvasManager.m */ = {isa = PBXFileReference; fileEncoding = 4; lastKnownFileType = sourcecode.c.objc; path = RNSketchCanvasManager.m; sourceTree = "<group>"; };
		DED3A13520A4159A00D72FBF /* Utility.m */ = {isa = PBXFileReference; fileEncoding = 4; lastKnownFileType = sourcecode.c.objc; path = Utility.m; sourceTree = "<group>"; };
		DED3A13620A4159A00D72FBF /* Utility.h */ = {isa = PBXFileReference; fileEncoding = 4; lastKnownFileType = sourcecode.c.h; path = Utility.h; sourceTree = "<group>"; };
		DEFBA2581F322B6000A4545C /* libRNSketchCanvas.a */ = {isa = PBXFileReference; explicitFileType = archive.ar; includeInIndex = 0; path = libRNSketchCanvas.a; sourceTree = BUILT_PRODUCTS_DIR; };
		DEFBA25B1F322B6000A4545C /* RNSketchCanvas.h */ = {isa = PBXFileReference; lastKnownFileType = sourcecode.c.h; path = RNSketchCanvas.h; sourceTree = "<group>"; };
		DEFBA25C1F322B6000A4545C /* RNSketchCanvas.m */ = {isa = PBXFileReference; lastKnownFileType = sourcecode.c.objc; path = RNSketchCanvas.m; sourceTree = "<group>"; };
/* End PBXFileReference section */

/* Begin PBXFrameworksBuildPhase section */
		DEFBA2551F322B5F00A4545C /* Frameworks */ = {
			isa = PBXFrameworksBuildPhase;
			buildActionMask = 2147483647;
			files = (
			);
			runOnlyForDeploymentPostprocessing = 0;
		};
/* End PBXFrameworksBuildPhase section */

/* Begin PBXGroup section */
		DEFBA24F1F322B5F00A4545C = {
			isa = PBXGroup;
			children = (
				DEFBA25A1F322B6000A4545C /* RNSketchCanvas */,
				DEFBA2591F322B6000A4545C /* Products */,
			);
			sourceTree = "<group>";
		};
		DEFBA2591F322B6000A4545C /* Products */ = {
			isa = PBXGroup;
			children = (
				DEFBA2581F322B6000A4545C /* libRNSketchCanvas.a */,
			);
			name = Products;
			sourceTree = "<group>";
		};
		DEFBA25A1F322B6000A4545C /* RNSketchCanvas */ = {
			isa = PBXGroup;
			children = (
				DEB694851F322F2A00DC6841 /* RNSketchCanvasManager.h */,
				DEB694861F322F2A00DC6841 /* RNSketchCanvasManager.m */,
				DEFBA25B1F322B6000A4545C /* RNSketchCanvas.h */,
				DEFBA25C1F322B6000A4545C /* RNSketchCanvas.m */,
				DE0C997E1F32D596001BDE8B /* RNSketchData.h */,
				DE0C997F1F32D596001BDE8B /* RNSketchData.m */,
				DED3A13620A4159A00D72FBF /* Utility.h */,
				DED3A13520A4159A00D72FBF /* Utility.m */,
			);
			path = RNSketchCanvas;
			sourceTree = "<group>";
		};
/* End PBXGroup section */

/* Begin PBXNativeTarget section */
		DEFBA2571F322B5F00A4545C /* RNSketchCanvas */ = {
			isa = PBXNativeTarget;
			buildConfigurationList = DEFBA2611F322B6000A4545C /* Build configuration list for PBXNativeTarget "RNSketchCanvas" */;
			buildPhases = (
				DEFBA2541F322B5F00A4545C /* Sources */,
				DEFBA2551F322B5F00A4545C /* Frameworks */,
				DEFBA2561F322B5F00A4545C /* CopyFiles */,
			);
			buildRules = (
			);
			dependencies = (
			);
			name = RNSketchCanvas;
			productName = RNSketchCanvas;
			productReference = DEFBA2581F322B6000A4545C /* libRNSketchCanvas.a */;
			productType = "com.apple.product-type.library.static";
		};
/* End PBXNativeTarget section */

/* Begin PBXProject section */
		DEFBA2501F322B5F00A4545C /* Project object */ = {
			isa = PBXProject;
			attributes = {
				LastUpgradeCheck = 0920;
				ORGANIZATIONNAME = Terry;
				TargetAttributes = {
					DEFBA2571F322B5F00A4545C = {
						CreatedOnToolsVersion = 8.2.1;
						ProvisioningStyle = Automatic;
					};
				};
			};
			buildConfigurationList = DEFBA2531F322B5F00A4545C /* Build configuration list for PBXProject "RNSketchCanvas" */;
			compatibilityVersion = "Xcode 3.2";
			developmentRegion = English;
			hasScannedForEncodings = 0;
			knownRegions = (
				en,
			);
			mainGroup = DEFBA24F1F322B5F00A4545C;
			productRefGroup = DEFBA2591F322B6000A4545C /* Products */;
			projectDirPath = "";
			projectRoot = "";
			targets = (
				DEFBA2571F322B5F00A4545C /* RNSketchCanvas */,
			);
		};
/* End PBXProject section */

/* Begin PBXSourcesBuildPhase section */
		DEFBA2541F322B5F00A4545C /* Sources */ = {
			isa = PBXSourcesBuildPhase;
			buildActionMask = 2147483647;
			files = (
				DEFBA25D1F322B6000A4545C /* RNSketchCanvas.m in Sources */,
				DED3A13720A4159A00D72FBF /* Utility.m in Sources */,
				DE0C99801F32D596001BDE8B /* RNSketchData.m in Sources */,
				DEB694891F322F2A00DC6841 /* RNSketchCanvasManager.m in Sources */,
			);
			runOnlyForDeploymentPostprocessing = 0;
		};
/* End PBXSourcesBuildPhase section */

/* Begin XCBuildConfiguration section */
		DEFBA25F1F322B6000A4545C /* Debug */ = {
			isa = XCBuildConfiguration;
			buildSettings = {
				ALWAYS_SEARCH_USER_PATHS = NO;
				CLANG_ANALYZER_NONNULL = YES;
				CLANG_CXX_LANGUAGE_STANDARD = "gnu++0x";
				CLANG_CXX_LIBRARY = "libc++";
				CLANG_ENABLE_MODULES = YES;
				CLANG_ENABLE_OBJC_ARC = YES;
				CLANG_WARN_BLOCK_CAPTURE_AUTORELEASING = YES;
				CLANG_WARN_BOOL_CONVERSION = YES;
				CLANG_WARN_COMMA = YES;
				CLANG_WARN_CONSTANT_CONVERSION = YES;
				CLANG_WARN_DIRECT_OBJC_ISA_USAGE = YES_ERROR;
				CLANG_WARN_DOCUMENTATION_COMMENTS = YES;
				CLANG_WARN_EMPTY_BODY = YES;
				CLANG_WARN_ENUM_CONVERSION = YES;
				CLANG_WARN_INFINITE_RECURSION = YES;
				CLANG_WARN_INT_CONVERSION = YES;
				CLANG_WARN_NON_LITERAL_NULL_CONVERSION = YES;
				CLANG_WARN_OBJC_LITERAL_CONVERSION = YES;
				CLANG_WARN_OBJC_ROOT_CLASS = YES_ERROR;
				CLANG_WARN_RANGE_LOOP_ANALYSIS = YES;
				CLANG_WARN_STRICT_PROTOTYPES = YES;
				CLANG_WARN_SUSPICIOUS_MOVE = YES;
				CLANG_WARN_UNREACHABLE_CODE = YES;
				CLANG_WARN__DUPLICATE_METHOD_MATCH = YES;
				"CODE_SIGN_IDENTITY[sdk=iphoneos*]" = "iPhone Developer";
				COPY_PHASE_STRIP = NO;
				DEBUG_INFORMATION_FORMAT = dwarf;
				ENABLE_STRICT_OBJC_MSGSEND = YES;
				ENABLE_TESTABILITY = YES;
				GCC_C_LANGUAGE_STANDARD = gnu99;
				GCC_DYNAMIC_NO_PIC = NO;
				GCC_NO_COMMON_BLOCKS = YES;
				GCC_OPTIMIZATION_LEVEL = 0;
				GCC_PREPROCESSOR_DEFINITIONS = (
					"DEBUG=1",
					"$(inherited)",
				);
				GCC_WARN_64_TO_32_BIT_CONVERSION = YES;
				GCC_WARN_ABOUT_RETURN_TYPE = YES_ERROR;
				GCC_WARN_UNDECLARED_SELECTOR = YES;
				GCC_WARN_UNINITIALIZED_AUTOS = YES_AGGRESSIVE;
				GCC_WARN_UNUSED_FUNCTION = YES;
				GCC_WARN_UNUSED_VARIABLE = YES;
				IPHONEOS_DEPLOYMENT_TARGET = 10.0;
				MTL_ENABLE_DEBUG_INFO = YES;
				ONLY_ACTIVE_ARCH = YES;
				SDKROOT = iphoneos;
			};
			name = Debug;
		};
		DEFBA2601F322B6000A4545C /* Release */ = {
			isa = XCBuildConfiguration;
			buildSettings = {
				ALWAYS_SEARCH_USER_PATHS = NO;
				CLANG_ANALYZER_NONNULL = YES;
				CLANG_CXX_LANGUAGE_STANDARD = "gnu++0x";
				CLANG_CXX_LIBRARY = "libc++";
				CLANG_ENABLE_MODULES = YES;
				CLANG_ENABLE_OBJC_ARC = YES;
				CLANG_WARN_BLOCK_CAPTURE_AUTORELEASING = YES;
				CLANG_WARN_BOOL_CONVERSION = YES;
				CLANG_WARN_COMMA = YES;
				CLANG_WARN_CONSTANT_CONVERSION = YES;
				CLANG_WARN_DIRECT_OBJC_ISA_USAGE = YES_ERROR;
				CLANG_WARN_DOCUMENTATION_COMMENTS = YES;
				CLANG_WARN_EMPTY_BODY = YES;
				CLANG_WARN_ENUM_CONVERSION = YES;
				CLANG_WARN_INFINITE_RECURSION = YES;
				CLANG_WARN_INT_CONVERSION = YES;
				CLANG_WARN_NON_LITERAL_NULL_CONVERSION = YES;
				CLANG_WARN_OBJC_LITERAL_CONVERSION = YES;
				CLANG_WARN_OBJC_ROOT_CLASS = YES_ERROR;
				CLANG_WARN_RANGE_LOOP_ANALYSIS = YES;
				CLANG_WARN_STRICT_PROTOTYPES = YES;
				CLANG_WARN_SUSPICIOUS_MOVE = YES;
				CLANG_WARN_UNREACHABLE_CODE = YES;
				CLANG_WARN__DUPLICATE_METHOD_MATCH = YES;
				"CODE_SIGN_IDENTITY[sdk=iphoneos*]" = "iPhone Developer";
				COPY_PHASE_STRIP = NO;
				DEBUG_INFORMATION_FORMAT = "dwarf-with-dsym";
				ENABLE_NS_ASSERTIONS = NO;
				ENABLE_STRICT_OBJC_MSGSEND = YES;
				GCC_C_LANGUAGE_STANDARD = gnu99;
				GCC_NO_COMMON_BLOCKS = YES;
				GCC_WARN_64_TO_32_BIT_CONVERSION = YES;
				GCC_WARN_ABOUT_RETURN_TYPE = YES_ERROR;
				GCC_WARN_UNDECLARED_SELECTOR = YES;
				GCC_WARN_UNINITIALIZED_AUTOS = YES_AGGRESSIVE;
				GCC_WARN_UNUSED_FUNCTION = YES;
				GCC_WARN_UNUSED_VARIABLE = YES;
				IPHONEOS_DEPLOYMENT_TARGET = 10.0;
				MTL_ENABLE_DEBUG_INFO = NO;
				SDKROOT = iphoneos;
				VALIDATE_PRODUCT = YES;
			};
			name = Release;
		};
		DEFBA2621F322B6000A4545C /* Debug */ = {
			isa = XCBuildConfiguration;
			buildSettings = {
				HEADER_SEARCH_PATHS = "$(SRCROOT)/../../../react-native/React/**";
				OTHER_LDFLAGS = "-ObjC";
				PRODUCT_NAME = "$(TARGET_NAME)";
				SKIP_INSTALL = YES;
			};
			name = Debug;
		};
		DEFBA2631F322B6000A4545C /* Release */ = {
			isa = XCBuildConfiguration;
			buildSettings = {
				HEADER_SEARCH_PATHS = "$(SRCROOT)/../../../react-native/React/**";
				OTHER_LDFLAGS = "-ObjC";
				PRODUCT_NAME = "$(TARGET_NAME)";
				SKIP_INSTALL = YES;
			};
			name = Release;
		};
/* End XCBuildConfiguration section */

/* Begin XCConfigurationList section */
		DEFBA2531F322B5F00A4545C /* Build configuration list for PBXProject "RNSketchCanvas" */ = {
			isa = XCConfigurationList;
			buildConfigurations = (
				DEFBA25F1F322B6000A4545C /* Debug */,
				DEFBA2601F322B6000A4545C /* Release */,
			);
			defaultConfigurationIsVisible = 0;
			defaultConfigurationName = Release;
		};
		DEFBA2611F322B6000A4545C /* Build configuration list for PBXNativeTarget "RNSketchCanvas" */ = {
			isa = XCConfigurationList;
			buildConfigurations = (
				DEFBA2621F322B6000A4545C /* Debug */,
				DEFBA2631F322B6000A4545C /* Release */,
			);
			defaultConfigurationIsVisible = 0;
			defaultConfigurationName = Release;
		};
/* End XCConfigurationList section */
	};
	rootObject = DEFBA2501F322B5F00A4545C /* Project object */;
}
